
Microsoft Visual Studio Solution File, Format Version 12.00
# Visual Studio Version 17
VisualStudioVersion = 17.1.32210.238
MinimumVisualStudioVersion = 10.0.40219.1
Project("{9A19103F-16F7-4668-BE54-9A1E7A4F7556}") = "CategoryManager", "CategoryManager\CategoryManager.csproj", "{1DC9461C-D2BF-444C-894F-C8D9FC3CA887}"
EndProject
Project("{FAE04EC0-301F-11D3-BF4B-00C04F79EFBC}") = "CategoryManager.Tests", "CategoryManager.Tests\CategoryManager.Tests.csproj", "{EC178475-DA75-4A2E-8594-0BF21D773174}"
EndProject
Global
	GlobalSection(SolutionConfigurationPlatforms) = preSolution
		Debug|Any CPU = Debug|Any CPU
		Release|Any CPU = Release|Any CPU
	EndGlobalSection
	GlobalSection(ProjectConfigurationPlatforms) = postSolution
		{1DC9461C-D2BF-444C-894F-C8D9FC3CA887}.Debug|Any CPU.ActiveCfg = Debug|Any CPU
		{1DC9461C-D2BF-444C-894F-C8D9FC3CA887}.Debug|Any CPU.Build.0 = Debug|Any CPU
		{1DC9461C-D2BF-444C-894F-C8D9FC3CA887}.Release|Any CPU.ActiveCfg = Release|Any CPU
		{1DC9461C-D2BF-444C-894F-C8D9FC3CA887}.Release|Any CPU.Build.0 = Release|Any CPU
		{EC178475-DA75-4A2E-8594-0BF21D773174}.Debug|Any CPU.ActiveCfg = Debug|Any CPU
		{EC178475-DA75-4A2E-8594-0BF21D773174}.Debug|Any CPU.Build.0 = Debug|Any CPU
		{EC178475-DA75-4A2E-8594-0BF21D773174}.Release|Any CPU.ActiveCfg = Release|Any CPU
		{EC178475-DA75-4A2E-8594-0BF21D773174}.Release|Any CPU.Build.0 = Release|Any CPU
	EndGlobalSection
	GlobalSection(SolutionProperties) = preSolution
		HideSolutionNode = FALSE
	EndGlobalSection
	GlobalSection(ExtensibilityGlobals) = postSolution
		SolutionGuid = {E678DFD4-5322-48CA-8D5C-B8809F54487B}
	EndGlobalSection
EndGlobal
